
Microsoft Visual Studio Solution File, Format Version 12.00
# Visual Studio Version 16
VisualStudioVersion = 16.0.31019.35
MinimumVisualStudioVersion = 10.0.40219.1
Project("{FAE04EC0-301F-11D3-BF4B-00C04F79EFBC}") = "TicTacToe.Android", "TicTacToe\TicTacToe.Android\TicTacToe.Android.csproj", "{9CC87A3E-88EF-482A-AEEC-68D405A0DB9A}"
EndProject
Project("{FAE04EC0-301F-11D3-BF4B-00C04F79EFBC}") = "TicTacToe", "TicTacToe\TicTacToe\TicTacToe.csproj", "{F3582320-C332-4517-B7D2-4FB698573B72}"
EndProject
Global
	GlobalSection(SolutionConfigurationPlatforms) = preSolution
		Debug|Any CPU = Debug|Any CPU
		Release|Any CPU = Release|Any CPU
	EndGlobalSection
	GlobalSection(ProjectConfigurationPlatforms) = postSolution
		{9CC87A3E-88EF-482A-AEEC-68D405A0DB9A}.Debug|Any CPU.ActiveCfg = Debug|Any CPU
		{9CC87A3E-88EF-482A-AEEC-68D405A0DB9A}.Debug|Any CPU.Build.0 = Debug|Any CPU
		{9CC87A3E-88EF-482A-AEEC-68D405A0DB9A}.Debug|Any CPU.Deploy.0 = Debug|Any CPU
		{9CC87A3E-88EF-482A-AEEC-68D405A0DB9A}.Release|Any CPU.ActiveCfg = Release|Any CPU
		{9CC87A3E-88EF-482A-AEEC-68D405A0DB9A}.Release|Any CPU.Build.0 = Release|Any CPU
		{9CC87A3E-88EF-482A-AEEC-68D405A0DB9A}.Release|Any CPU.Deploy.0 = Release|Any CPU
		{F3582320-C332-4517-B7D2-4FB698573B72}.Debug|Any CPU.ActiveCfg = Debug|Any CPU
		{F3582320-C332-4517-B7D2-4FB698573B72}.Debug|Any CPU.Build.0 = Debug|Any CPU
		{F3582320-C332-4517-B7D2-4FB698573B72}.Release|Any CPU.ActiveCfg = Release|Any CPU
		{F3582320-C332-4517-B7D2-4FB698573B72}.Release|Any CPU.Build.0 = Release|Any CPU
	EndGlobalSection
	GlobalSection(SolutionProperties) = preSolution
		HideSolutionNode = FALSE
	EndGlobalSection
	GlobalSection(ExtensibilityGlobals) = postSolution
		SolutionGuid = {444365A8-1DDF-448A-8070-D3FF06BB07FA}
	EndGlobalSection
EndGlobal
